
Microsoft Visual Studio Solution File, Format Version 12.00
# Visual Studio Version 16
VisualStudioVersion = 16.0.32802.440
MinimumVisualStudioVersion = 10.0.40219.1
Project("{FAE04EC0-301F-11D3-BF4B-00C04F79EFBC}") = "Pruebacamara.Android", "Pruebacamara.Android\Pruebacamara.Android.csproj", "{D5583BD8-4550-43F9-8CD0-D1312CA695D8}"
EndProject
Project("{FAE04EC0-301F-11D3-BF4B-00C04F79EFBC}") = "Pruebacamara.iOS", "Pruebacamara.iOS\Pruebacamara.iOS.csproj", "{042586B4-374B-4BC8-9931-7B3539968AE9}"
EndProject
Project("{FAE04EC0-301F-11D3-BF4B-00C04F79EFBC}") = "Pruebacamara", "Pruebacamara\Pruebacamara.csproj", "{4E8BFEA8-1004-44DB-83F1-9D6F1EB43AA4}"
EndProject
Global
	GlobalSection(SolutionConfigurationPlatforms) = preSolution
		Debug|Any CPU = Debug|Any CPU
		Debug|iPhone = Debug|iPhone
		Debug|iPhoneSimulator = Debug|iPhoneSimulator
		Release|Any CPU = Release|Any CPU
		Release|iPhone = Release|iPhone
		Release|iPhoneSimulator = Release|iPhoneSimulator
	EndGlobalSection
	GlobalSection(ProjectConfigurationPlatforms) = postSolution
		{D5583BD8-4550-43F9-8CD0-D1312CA695D8}.Debug|Any CPU.ActiveCfg = Debug|Any CPU
		{D5583BD8-4550-43F9-8CD0-D1312CA695D8}.Debug|Any CPU.Build.0 = Debug|Any CPU
		{D5583BD8-4550-43F9-8CD0-D1312CA695D8}.Debug|Any CPU.Deploy.0 = Debug|Any CPU
		{D5583BD8-4550-43F9-8CD0-D1312CA695D8}.Debug|iPhone.ActiveCfg = Debug|Any CPU
		{D5583BD8-4550-43F9-8CD0-D1312CA695D8}.Debug|iPhone.Build.0 = Debug|Any CPU
		{D5583BD8-4550-43F9-8CD0-D1312CA695D8}.Debug|iPhone.Deploy.0 = Debug|Any CPU
		{D5583BD8-4550-43F9-8CD0-D1312CA695D8}.Debug|iPhoneSimulator.ActiveCfg = Debug|Any CPU
		{D5583BD8-4550-43F9-8CD0-D1312CA695D8}.Debug|iPhoneSimulator.Build.0 = Debug|Any CPU
		{D5583BD8-4550-43F9-8CD0-D1312CA695D8}.Debug|iPhoneSimulator.Deploy.0 = Debug|Any CPU
		{D5583BD8-4550-43F9-8CD0-D1312CA695D8}.Release|Any CPU.ActiveCfg = Release|Any CPU
		{D5583BD8-4550-43F9-8CD0-D1312CA695D8}.Release|Any CPU.Build.0 = Release|Any CPU
		{D5583BD8-4550-43F9-8CD0-D1312CA695D8}.Release|Any CPU.Deploy.0 = Release|Any CPU
		{D5583BD8-4550-43F9-8CD0-D1312CA695D8}.Release|iPhone.ActiveCfg = Release|Any CPU
		{D5583BD8-4550-43F9-8CD0-D1312CA695D8}.Release|iPhone.Build.0 = Release|Any CPU
		{D5583BD8-4550-43F9-8CD0-D1312CA695D8}.Release|iPhone.Deploy.0 = Release|Any CPU
		{D5583BD8-4550-43F9-8CD0-D1312CA695D8}.Release|iPhoneSimulator.ActiveCfg = Release|Any CPU
		{D5583BD8-4550-43F9-8CD0-D1312CA695D8}.Release|iPhoneSimulator.Build.0 = Release|Any CPU
		{D5583BD8-4550-43F9-8CD0-D1312CA695D8}.Release|iPhoneSimulator.Deploy.0 = Release|Any CPU
		{042586B4-374B-4BC8-9931-7B3539968AE9}.Debug|Any CPU.ActiveCfg = Debug|iPhone
		{042586B4-374B-4BC8-9931-7B3539968AE9}.Debug|Any CPU.Build.0 = Debug|iPhone
		{042586B4-374B-4BC8-9931-7B3539968AE9}.Debug|Any CPU.Deploy.0 = Debug|iPhone
		{042586B4-374B-4BC8-9931-7B3539968AE9}.Debug|iPhone.ActiveCfg = Debug|iPhone
		{042586B4-374B-4BC8-9931-7B3539968AE9}.Debug|iPhone.Build.0 = Debug|iPhone
		{042586B4-374B-4BC8-9931-7B3539968AE9}.Debug|iPhone.Deploy.0 = Debug|iPhone
		{042586B4-374B-4BC8-9931-7B3539968AE9}.Debug|iPhoneSimulator.ActiveCfg = Debug|iPhoneSimulator
		{042586B4-374B-4BC8-9931-7B3539968AE9}.Debug|iPhoneSimulator.Build.0 = Debug|iPhoneSimulator
		{042586B4-374B-4BC8-9931-7B3539968AE9}.Debug|iPhoneSimulator.Deploy.0 = Debug|iPhoneSimulator
		{042586B4-374B-4BC8-9931-7B3539968AE9}.Release|Any CPU.ActiveCfg = Release|iPhoneSimulator
		{042586B4-374B-4BC8-9931-7B3539968AE9}.Release|Any CPU.Build.0 = Release|iPhoneSimulator
		{042586B4-374B-4BC8-9931-7B3539968AE9}.Release|Any CPU.Deploy.0 = Release|iPhoneSimulator
		{042586B4-374B-4BC8-9931-7B3539968AE9}.Release|iPhone.ActiveCfg = Release|iPhone
		{042586B4-374B-4BC8-9931-7B3539968AE9}.Release|iPhone.Build.0 = Release|iPhone
		{042586B4-374B-4BC8-9931-7B3539968AE9}.Release|iPhone.Deploy.0 = Release|iPhone
		{042586B4-374B-4BC8-9931-7B3539968AE9}.Release|iPhoneSimulator.ActiveCfg = Release|iPhoneSimulator
		{042586B4-374B-4BC8-9931-7B3539968AE9}.Release|iPhoneSimulator.Build.0 = Release|iPhoneSimulator
		{042586B4-374B-4BC8-9931-7B3539968AE9}.Release|iPhoneSimulator.Deploy.0 = Release|iPhoneSimulator
		{4E8BFEA8-1004-44DB-83F1-9D6F1EB43AA4}.Debug|Any CPU.ActiveCfg = Debug|Any CPU
		{4E8BFEA8-1004-44DB-83F1-9D6F1EB43AA4}.Debug|Any CPU.Build.0 = Debug|Any CPU
		{4E8BFEA8-1004-44DB-83F1-9D6F1EB43AA4}.Debug|Any CPU.Deploy.0 = Debug|Any CPU
		{4E8BFEA8-1004-44DB-83F1-9D6F1EB43AA4}.Debug|iPhone.ActiveCfg = Debug|Any CPU
		{4E8BFEA8-1004-44DB-83F1-9D6F1EB43AA4}.Debug|iPhone.Build.0 = Debug|Any CPU
		{4E8BFEA8-1004-44DB-83F1-9D6F1EB43AA4}.Debug|iPhone.Deploy.0 = Debug|Any CPU
		{4E8BFEA8-1004-44DB-83F1-9D6F1EB43AA4}.Debug|iPhoneSimulator.ActiveCfg = Debug|Any CPU
		{4E8BFEA8-1004-44DB-83F1-9D6F1EB43AA4}.Debug|iPhoneSimulator.Build.0 = Debug|Any CPU
		{4E8BFEA8-1004-44DB-83F1-9D6F1EB43AA4}.Debug|iPhoneSimulator.Deploy.0 = Debug|Any CPU
		{4E8BFEA8-1004-44DB-83F1-9D6F1EB43AA4}.Release|Any CPU.ActiveCfg = Release|Any CPU
		{4E8BFEA8-1004-44DB-83F1-9D6F1EB43AA4}.Release|Any CPU.Build.0 = Release|Any CPU
		{4E8BFEA8-1004-44DB-83F1-9D6F1EB43AA4}.Release|Any CPU.Deploy.0 = Release|Any CPU
		{4E8BFEA8-1004-44DB-83F1-9D6F1EB43AA4}.Release|iPhone.ActiveCfg = Release|Any CPU
		{4E8BFEA8-1004-44DB-83F1-9D6F1EB43AA4}.Release|iPhone.Build.0 = Release|Any CPU
		{4E8BFEA8-1004-44DB-83F1-9D6F1EB43AA4}.Release|iPhone.Deploy.0 = Release|Any CPU
		{4E8BFEA8-1004-44DB-83F1-9D6F1EB43AA4}.Release|iPhoneSimulator.ActiveCfg = Release|Any CPU
		{4E8BFEA8-1004-44DB-83F1-9D6F1EB43AA4}.Release|iPhoneSimulator.Build.0 = Release|Any CPU
		{4E8BFEA8-1004-44DB-83F1-9D6F1EB43AA4}.Release|iPhoneSimulator.Deploy.0 = Release|Any CPU
	EndGlobalSection
	GlobalSection(SolutionProperties) = preSolution
		HideSolutionNode = FALSE
	EndGlobalSection
	GlobalSection(ExtensibilityGlobals) = postSolution
		SolutionGuid = {DFDF4857-6037-45B8-AE5A-D15FBA12B848}
	EndGlobalSection
EndGlobal
